
Microsoft Visual Studio Solution File, Format Version 12.00
Project("{FAE04EC0-301F-11D3-BF4B-00C04F79EFBC}") = "LevelUpCenter", "LevelUpCenter\LevelUpCenter.csproj", "{56C3906F-F5C1-4CCD-AA2F-E5CD3E5AC881}"
EndProject
Project("{FAE04EC0-301F-11D3-BF4B-00C04F79EFBC}") = "LevelUpCenter.Test", "LevelUpCenter.Test\LevelUpCenter.Test.csproj", "{314AD2C5-0CC3-49E5-BBA2-031AFE0B0BDE}"
EndProject
Global
	GlobalSection(SolutionConfigurationPlatforms) = preSolution
		Debug|Any CPU = Debug|Any CPU
		Release|Any CPU = Release|Any CPU
	EndGlobalSection
	GlobalSection(ProjectConfigurationPlatforms) = postSolution
		{56C3906F-F5C1-4CCD-AA2F-E5CD3E5AC881}.Debug|Any CPU.ActiveCfg = Debug|Any CPU
		{56C3906F-F5C1-4CCD-AA2F-E5CD3E5AC881}.Debug|Any CPU.Build.0 = Debug|Any CPU
		{56C3906F-F5C1-4CCD-AA2F-E5CD3E5AC881}.Release|Any CPU.ActiveCfg = Release|Any CPU
		{56C3906F-F5C1-4CCD-AA2F-E5CD3E5AC881}.Release|Any CPU.Build.0 = Release|Any CPU
		{314AD2C5-0CC3-49E5-BBA2-031AFE0B0BDE}.Debug|Any CPU.ActiveCfg = Debug|Any CPU
		{314AD2C5-0CC3-49E5-BBA2-031AFE0B0BDE}.Debug|Any CPU.Build.0 = Debug|Any CPU
		{314AD2C5-0CC3-49E5-BBA2-031AFE0B0BDE}.Release|Any CPU.ActiveCfg = Release|Any CPU
		{314AD2C5-0CC3-49E5-BBA2-031AFE0B0BDE}.Release|Any CPU.Build.0 = Release|Any CPU
	EndGlobalSection
EndGlobal
